
Microsoft Visual Studio Solution File, Format Version 12.00
# Visual Studio Version 18
VisualStudioVersion = 18.3.11429.125
MinimumVisualStudioVersion = 10.0.40219.1
Project("{6EC3EE1D-3C4E-46DD-8F32-0CC8E7565705}") = "Util", "..\Common\Util\Util.fsproj", "{132036FF-E53B-4454-A5A2-CE0ACA99119F}"
EndProject
Project("{2150E333-8FDC-42A3-9474-1A3956D46DE8}") = "Solution Items", "Solution Items", "{6B211DC5-7C29-426F-B005-CE9DEF566656}"
	ProjectSection(SolutionItems) = preProject
		prompt.md = prompt.md
	EndProjectSection
EndProject
Project("{6EC3EE1D-3C4E-46DD-8F32-0CC8E7565705}") = "Server", "Server\Server.fsproj", "{B4FACF1B-C14D-4FD4-9066-E2235501B666}"
EndProject
Project("{F2A71F9B-5D33-465A-A702-920D77279786}") = "WYI.Shared", "WYI.Shared\WYI.Shared.fsproj", "{D35BB571-679F-68FF-2496-77A270342127}"
EndProject
Project("{F2A71F9B-5D33-465A-A702-920D77279786}") = "WYI.BizLogics", "WYI.BizLogics\WYI.BizLogics.fsproj", "{3B3D03C0-25D9-613B-A6C6-93F4612995CD}"
EndProject
Project("{F2A71F9B-5D33-465A-A702-920D77279786}") = "JCS.BizLogics", "..\JCS\JCS.BizLogics\JCS.BizLogics.fsproj", "{2218C98F-4A6C-E354-2B00-0E49751C0079}"
EndProject
Project("{F2A71F9B-5D33-465A-A702-920D77279786}") = "JCS.Shared", "..\JCS\JCS.Shared\JCS.Shared.fsproj", "{DF9100A9-D547-6815-04BE-12FBAA935FAC}"
EndProject
Project("{F2A71F9B-5D33-465A-A702-920D77279786}") = "TypeSys", "..\JCS\TypeSys\TypeSys.fsproj", "{4491982B-B43E-16AA-C203-FF4A1B87181A}"
EndProject
Project("{F2A71F9B-5D33-465A-A702-920D77279786}") = "UtilKestrel", "..\Common\UtilKestrel\UtilKestrel.fsproj", "{46110679-5942-4E10-C77C-A49AD444D359}"
EndProject
Project("{2150E333-8FDC-42A3-9474-1A3956D46DE8}") = "doc", "doc", "{F7AAC36D-7480-46EC-937B-C3A1A5A81E0F}"
	ProjectSection(SolutionItems) = preProject
		doc\network.md = doc\network.md
		doc\Prototype.pdf = doc\Prototype.pdf
		doc\manual\WYI.pdf = doc\manual\WYI.pdf
	EndProjectSection
EndProject
Global
	GlobalSection(SolutionConfigurationPlatforms) = preSolution
		Debug|Any CPU = Debug|Any CPU
		Release|Any CPU = Release|Any CPU
	EndGlobalSection
	GlobalSection(ProjectConfigurationPlatforms) = postSolution
		{132036FF-E53B-4454-A5A2-CE0ACA99119F}.Debug|Any CPU.ActiveCfg = Debug|Any CPU
		{132036FF-E53B-4454-A5A2-CE0ACA99119F}.Debug|Any CPU.Build.0 = Debug|Any CPU
		{132036FF-E53B-4454-A5A2-CE0ACA99119F}.Release|Any CPU.ActiveCfg = Release|Any CPU
		{132036FF-E53B-4454-A5A2-CE0ACA99119F}.Release|Any CPU.Build.0 = Release|Any CPU
		{B4FACF1B-C14D-4FD4-9066-E2235501B666}.Debug|Any CPU.ActiveCfg = Debug|Any CPU
		{B4FACF1B-C14D-4FD4-9066-E2235501B666}.Debug|Any CPU.Build.0 = Debug|Any CPU
		{B4FACF1B-C14D-4FD4-9066-E2235501B666}.Release|Any CPU.ActiveCfg = Release|Any CPU
		{B4FACF1B-C14D-4FD4-9066-E2235501B666}.Release|Any CPU.Build.0 = Release|Any CPU
		{D35BB571-679F-68FF-2496-77A270342127}.Debug|Any CPU.ActiveCfg = Debug|Any CPU
		{D35BB571-679F-68FF-2496-77A270342127}.Debug|Any CPU.Build.0 = Debug|Any CPU
		{D35BB571-679F-68FF-2496-77A270342127}.Release|Any CPU.ActiveCfg = Release|Any CPU
		{D35BB571-679F-68FF-2496-77A270342127}.Release|Any CPU.Build.0 = Release|Any CPU
		{3B3D03C0-25D9-613B-A6C6-93F4612995CD}.Debug|Any CPU.ActiveCfg = Debug|Any CPU
		{3B3D03C0-25D9-613B-A6C6-93F4612995CD}.Debug|Any CPU.Build.0 = Debug|Any CPU
		{3B3D03C0-25D9-613B-A6C6-93F4612995CD}.Release|Any CPU.ActiveCfg = Release|Any CPU
		{3B3D03C0-25D9-613B-A6C6-93F4612995CD}.Release|Any CPU.Build.0 = Release|Any CPU
		{2218C98F-4A6C-E354-2B00-0E49751C0079}.Debug|Any CPU.ActiveCfg = Debug|Any CPU
		{2218C98F-4A6C-E354-2B00-0E49751C0079}.Debug|Any CPU.Build.0 = Debug|Any CPU
		{2218C98F-4A6C-E354-2B00-0E49751C0079}.Release|Any CPU.ActiveCfg = Release|Any CPU
		{2218C98F-4A6C-E354-2B00-0E49751C0079}.Release|Any CPU.Build.0 = Release|Any CPU
		{DF9100A9-D547-6815-04BE-12FBAA935FAC}.Debug|Any CPU.ActiveCfg = Debug|Any CPU
		{DF9100A9-D547-6815-04BE-12FBAA935FAC}.Debug|Any CPU.Build.0 = Debug|Any CPU
		{DF9100A9-D547-6815-04BE-12FBAA935FAC}.Release|Any CPU.ActiveCfg = Release|Any CPU
		{DF9100A9-D547-6815-04BE-12FBAA935FAC}.Release|Any CPU.Build.0 = Release|Any CPU
		{4491982B-B43E-16AA-C203-FF4A1B87181A}.Debug|Any CPU.ActiveCfg = Debug|Any CPU
		{4491982B-B43E-16AA-C203-FF4A1B87181A}.Debug|Any CPU.Build.0 = Debug|Any CPU
		{4491982B-B43E-16AA-C203-FF4A1B87181A}.Release|Any CPU.ActiveCfg = Release|Any CPU
		{4491982B-B43E-16AA-C203-FF4A1B87181A}.Release|Any CPU.Build.0 = Release|Any CPU
		{46110679-5942-4E10-C77C-A49AD444D359}.Debug|Any CPU.ActiveCfg = Debug|Any CPU
		{46110679-5942-4E10-C77C-A49AD444D359}.Debug|Any CPU.Build.0 = Debug|Any CPU
		{46110679-5942-4E10-C77C-A49AD444D359}.Release|Any CPU.ActiveCfg = Release|Any CPU
		{46110679-5942-4E10-C77C-A49AD444D359}.Release|Any CPU.Build.0 = Release|Any CPU
	EndGlobalSection
	GlobalSection(SolutionProperties) = preSolution
		HideSolutionNode = FALSE
	EndGlobalSection
	GlobalSection(NestedProjects) = preSolution
		{F7AAC36D-7480-46EC-937B-C3A1A5A81E0F} = {6B211DC5-7C29-426F-B005-CE9DEF566656}
	EndGlobalSection
	GlobalSection(ExtensibilityGlobals) = postSolution
		SolutionGuid = {5D6FBBFE-FF28-4250-BBFB-AC6B8661ACA6}
	EndGlobalSection
EndGlobal
